{
  "name": "test",
  "lockfileVersion": 3,
  "requires": true,
  "packages": {
    "": {
      "license": "MIT",
      "workspaces": [
        "apps/*",
        "libs/*"
      ],
      "devDependencies": {
        "@bitair/lift": "../../dist"
      }
    },
    "../../dist": {
      "name": "@bitair/lift",
      "version": "0.4.3",
      "dev": true,
      "license": "MIT"
    },
    "apps/sample": {
      "name": "@apps/server"
    },
    "libs/common": {
      "name": "@libs/common"
    },
    "node_modules/@apps/server": {
      "resolved": "apps/sample",
      "link": true
    },
    "node_modules/@bitair/lift": {
      "resolved": "../../dist",
      "link": true
    },
    "node_modules/@libs/common": {
      "resolved": "libs/common",
      "link": true
    }
  }
}
